{
  "name": "google-address-autocomplete-attachment",
  "version": "1.1.4",
  "lockfileVersion": 1,
  "requires": true,
  "dependencies": {
    "clientside-require": {
      "version": "4.7.2",
      "resolved": "https://registry.npmjs.org/clientside-require/-/clientside-require-4.7.2.tgz",
      "integrity": "sha512-FdDQeHc3UUSgIZXEqw+PLlFxo/x5dOHERV2mzHFEKAGVyJiesmQ47A2WXwYYPRFYduskpnulghBcdlwrl5iaGA==",
      "requires": {
        "dynamic-serial-promise-all": "1.1.0"
      }
    },
    "clientside-view-loader": {
      "version": "2.7.5",
      "resolved": "https://registry.npmjs.org/clientside-view-loader/-/clientside-view-loader-2.7.5.tgz",
      "integrity": "sha512-/h40D4LVKG85MvtQahcfC2r7ptByHzsWClIpJ23l18YCXMWjq0yJb+6XBGk0V1XooCKq0FxEfIGmjPgLOrjvpQ==",
      "requires": {
        "clientside-require": "4.7.2"
      }
    },
    "dynamic-serial-promise-all": {
      "version": "1.1.0",
      "resolved": "https://registry.npmjs.org/dynamic-serial-promise-all/-/dynamic-serial-promise-all-1.1.0.tgz",
      "integrity": "sha512-cA4E9p23nU5VRlWJNN4ycauD4zao0/gtdqXwOinJ8+DvwOXQbnE/PaDGBL+uUW6AydhLON20dWy0F+4Bd44zbQ=="
    },
    "js-resource-loader": {
      "version": "1.1.0",
      "resolved": "https://registry.npmjs.org/js-resource-loader/-/js-resource-loader-1.1.0.tgz",
      "integrity": "sha512-PNVez+A4ZHBfMq++UO0CQP0asGoPj3ZMLR1Oh+7vVz5tZERkXRl+3wb8IXs8C60kHZS63t79jlKZaB9U4YPzrA=="
    }
  }
}
