{
  "name": "google-address-autocomplete-attachment",
  "version": "1.0.0",
  "lockfileVersion": 1,
  "requires": true,
  "dependencies": {
    "clientside-require": {
      "version": "4.6.1",
      "resolved": "https://registry.npmjs.org/clientside-require/-/clientside-require-4.6.1.tgz",
      "integrity": "sha512-Sbxp06t//xk60OTlRlZYlQE6Pu1AnsSmMRD2uA+Uus/SCeB20hVhJvR2P6QZ+jn4ao76TCZeG1vMcXOhVcpylg==",
      "requires": {
        "dynamic-serial-promise-all": "1.1.0"
      }
    },
    "clientside-view-loader": {
      "version": "2.7.3",
      "resolved": "https://registry.npmjs.org/clientside-view-loader/-/clientside-view-loader-2.7.3.tgz",
      "integrity": "sha512-YJYCKCOVjyaxyXeiRILYqD67vyyX3x73qQFIIkEKVJXo8vWWeKfKarmaLCvC6xil8CeSnIgykB4OPtpT3KYktA==",
      "requires": {
        "clientside-require": "4.6.1"
      }
    },
    "dynamic-serial-promise-all": {
      "version": "1.1.0",
      "resolved": "https://registry.npmjs.org/dynamic-serial-promise-all/-/dynamic-serial-promise-all-1.1.0.tgz",
      "integrity": "sha512-cA4E9p23nU5VRlWJNN4ycauD4zao0/gtdqXwOinJ8+DvwOXQbnE/PaDGBL+uUW6AydhLON20dWy0F+4Bd44zbQ=="
    },
    "js-resource-loader": {
      "version": "1.1.0",
      "resolved": "https://registry.npmjs.org/js-resource-loader/-/js-resource-loader-1.1.0.tgz",
      "integrity": "sha512-PNVez+A4ZHBfMq++UO0CQP0asGoPj3ZMLR1Oh+7vVz5tZERkXRl+3wb8IXs8C60kHZS63t79jlKZaB9U4YPzrA=="
    }
  }
}
